
Microsoft Visual Studio Solution File, Format Version 12.00
# Visual Studio Version 17
VisualStudioVersion = 17.11.35327.3
MinimumVisualStudioVersion = 10.0.40219.1
Project("{FAE04EC0-301F-11D3-BF4B-00C04F79EFBC}") = "TemplateAPI", "TemplateAPI\TemplateAPI.csproj", "{EE95AA39-02FA-4E1B-90AB-9C44C3BE2313}"
EndProject
Project("{FAE04EC0-301F-11D3-BF4B-00C04F79EFBC}") = "TemplateAPI.Tests", "TemplateAPI.Tests\TemplateAPI.Tests.csproj", "{0E1D41FA-D76F-480D-9B52-1EBE894952A0}"
EndProject
Global
	GlobalSection(SolutionConfigurationPlatforms) = preSolution
		Debug|Any CPU = Debug|Any CPU
		Release|Any CPU = Release|Any CPU
	EndGlobalSection
	GlobalSection(ProjectConfigurationPlatforms) = postSolution
		{EE95AA39-02FA-4E1B-90AB-9C44C3BE2313}.Debug|Any CPU.ActiveCfg = Debug|Any CPU
		{EE95AA39-02FA-4E1B-90AB-9C44C3BE2313}.Debug|Any CPU.Build.0 = Debug|Any CPU
		{EE95AA39-02FA-4E1B-90AB-9C44C3BE2313}.Release|Any CPU.ActiveCfg = Release|Any CPU
		{EE95AA39-02FA-4E1B-90AB-9C44C3BE2313}.Release|Any CPU.Build.0 = Release|Any CPU
		{0E1D41FA-D76F-480D-9B52-1EBE894952A0}.Debug|Any CPU.ActiveCfg = Debug|Any CPU
		{0E1D41FA-D76F-480D-9B52-1EBE894952A0}.Debug|Any CPU.Build.0 = Debug|Any CPU
		{0E1D41FA-D76F-480D-9B52-1EBE894952A0}.Release|Any CPU.ActiveCfg = Release|Any CPU
		{0E1D41FA-D76F-480D-9B52-1EBE894952A0}.Release|Any CPU.Build.0 = Release|Any CPU
	EndGlobalSection
	GlobalSection(SolutionProperties) = preSolution
		HideSolutionNode = FALSE
	EndGlobalSection
	GlobalSection(ExtensibilityGlobals) = postSolution
		SolutionGuid = {137196A6-623E-420F-8D0C-888197AF62C4}
	EndGlobalSection
EndGlobal
